
Microsoft Visual Studio Solution File, Format Version 12.00
# Visual Studio Version 17
VisualStudioVersion = 17.11.35312.102
MinimumVisualStudioVersion = 10.0.40219.1
Project("{8BC9CEB8-8B4A-11D0-8D11-00A0C91BC942}") = "OS_TEST", "OS_TEST\OS_TEST.vcxproj", "{4A8A7455-3A9C-4719-A51A-40568F2B670E}"
EndProject
Project("{8BC9CEB8-8B4A-11D0-8D11-00A0C91BC942}") = "CREATOR_TEST", "CREATOR_TEST\CREATOR_TEST.vcxproj", "{3D93290A-6DBC-4420-B237-4597D311D479}"
EndProject
Project("{8BC9CEB8-8B4A-11D0-8D11-00A0C91BC942}") = "Reporter", "Reporter\Reporter.vcxproj", "{D3B2E84E-CE61-4026-A2F2-67FE02067F1F}"
EndProject
Global
	GlobalSection(SolutionConfigurationPlatforms) = preSolution
		Debug|x64 = Debug|x64
		Debug|x86 = Debug|x86
		Release|x64 = Release|x64
		Release|x86 = Release|x86
	EndGlobalSection
	GlobalSection(ProjectConfigurationPlatforms) = postSolution
		{4A8A7455-3A9C-4719-A51A-40568F2B670E}.Debug|x64.ActiveCfg = Debug|x64
		{4A8A7455-3A9C-4719-A51A-40568F2B670E}.Debug|x64.Build.0 = Debug|x64
		{4A8A7455-3A9C-4719-A51A-40568F2B670E}.Debug|x86.ActiveCfg = Debug|Win32
		{4A8A7455-3A9C-4719-A51A-40568F2B670E}.Debug|x86.Build.0 = Debug|Win32
		{4A8A7455-3A9C-4719-A51A-40568F2B670E}.Release|x64.ActiveCfg = Release|x64
		{4A8A7455-3A9C-4719-A51A-40568F2B670E}.Release|x64.Build.0 = Release|x64
		{4A8A7455-3A9C-4719-A51A-40568F2B670E}.Release|x86.ActiveCfg = Release|Win32
		{4A8A7455-3A9C-4719-A51A-40568F2B670E}.Release|x86.Build.0 = Release|Win32
		{3D93290A-6DBC-4420-B237-4597D311D479}.Debug|x64.ActiveCfg = Debug|x64
		{3D93290A-6DBC-4420-B237-4597D311D479}.Debug|x64.Build.0 = Debug|x64
		{3D93290A-6DBC-4420-B237-4597D311D479}.Debug|x86.ActiveCfg = Debug|Win32
		{3D93290A-6DBC-4420-B237-4597D311D479}.Debug|x86.Build.0 = Debug|Win32
		{3D93290A-6DBC-4420-B237-4597D311D479}.Release|x64.ActiveCfg = Release|x64
		{3D93290A-6DBC-4420-B237-4597D311D479}.Release|x64.Build.0 = Release|x64
		{3D93290A-6DBC-4420-B237-4597D311D479}.Release|x86.ActiveCfg = Release|Win32
		{3D93290A-6DBC-4420-B237-4597D311D479}.Release|x86.Build.0 = Release|Win32
		{D3B2E84E-CE61-4026-A2F2-67FE02067F1F}.Debug|x64.ActiveCfg = Debug|x64
		{D3B2E84E-CE61-4026-A2F2-67FE02067F1F}.Debug|x64.Build.0 = Debug|x64
		{D3B2E84E-CE61-4026-A2F2-67FE02067F1F}.Debug|x86.ActiveCfg = Debug|Win32
		{D3B2E84E-CE61-4026-A2F2-67FE02067F1F}.Debug|x86.Build.0 = Debug|Win32
		{D3B2E84E-CE61-4026-A2F2-67FE02067F1F}.Release|x64.ActiveCfg = Release|x64
		{D3B2E84E-CE61-4026-A2F2-67FE02067F1F}.Release|x64.Build.0 = Release|x64
		{D3B2E84E-CE61-4026-A2F2-67FE02067F1F}.Release|x86.ActiveCfg = Release|Win32
		{D3B2E84E-CE61-4026-A2F2-67FE02067F1F}.Release|x86.Build.0 = Release|Win32
	EndGlobalSection
	GlobalSection(SolutionProperties) = preSolution
		HideSolutionNode = FALSE
	EndGlobalSection
	GlobalSection(ExtensibilityGlobals) = postSolution
		SolutionGuid = {71C90F1C-C538-479C-A311-EA836451439B}
	EndGlobalSection
EndGlobal
